
Microsoft Visual Studio Solution File, Format Version 12.00
# Visual Studio Version 17
VisualStudioVersion = 17.9.34723.18
MinimumVisualStudioVersion = 10.0.40219.1
Project("{FAE04EC0-301F-11D3-BF4B-00C04F79EFBC}") = "SMPNTNSAR", "SMPNTNSAR\SMPNTNSAR.csproj", "{3554B963-9925-4BF3-8E41-551B6264BCE3}"
EndProject
Global
	GlobalSection(SolutionConfigurationPlatforms) = preSolution
		Debug|Any CPU = Debug|Any CPU
		Release|Any CPU = Release|Any CPU
	EndGlobalSection
	GlobalSection(ProjectConfigurationPlatforms) = postSolution
		{3554B963-9925-4BF3-8E41-551B6264BCE3}.Debug|Any CPU.ActiveCfg = Debug|Any CPU
		{3554B963-9925-4BF3-8E41-551B6264BCE3}.Debug|Any CPU.Build.0 = Debug|Any CPU
		{3554B963-9925-4BF3-8E41-551B6264BCE3}.Release|Any CPU.ActiveCfg = Release|Any CPU
		{3554B963-9925-4BF3-8E41-551B6264BCE3}.Release|Any CPU.Build.0 = Release|Any CPU
	EndGlobalSection
	GlobalSection(SolutionProperties) = preSolution
		HideSolutionNode = FALSE
	EndGlobalSection
	GlobalSection(ExtensibilityGlobals) = postSolution
		SolutionGuid = {E91B666A-BCCE-4618-BC72-FBAB218869BE}
	EndGlobalSection
EndGlobal
